
Microsoft Visual Studio Solution File, Format Version 12.00
Project("{FAE04EC0-301F-11D3-BF4B-00C04F79EFBC}") = "OneClickLlm", "OneClickLlm\OneClickLlm.csproj", "{BBAC851A-6419-4315-A75C-182FCABC3ADA}"
EndProject
Project("{FAE04EC0-301F-11D3-BF4B-00C04F79EFBC}") = "OneClickLlm.Cores", "OneClickLlm.Cores\OneClickLlm.Cores.csproj", "{66540B81-5204-4B5F-8D83-C92C6360C02A}"
EndProject
Global
	GlobalSection(SolutionConfigurationPlatforms) = preSolution
		Debug|Any CPU = Debug|Any CPU
		Release|Any CPU = Release|Any CPU
	EndGlobalSection
	GlobalSection(ProjectConfigurationPlatforms) = postSolution
		{BBAC851A-6419-4315-A75C-182FCABC3ADA}.Debug|Any CPU.ActiveCfg = Debug|Any CPU
		{BBAC851A-6419-4315-A75C-182FCABC3ADA}.Debug|Any CPU.Build.0 = Debug|Any CPU
		{BBAC851A-6419-4315-A75C-182FCABC3ADA}.Release|Any CPU.ActiveCfg = Release|Any CPU
		{BBAC851A-6419-4315-A75C-182FCABC3ADA}.Release|Any CPU.Build.0 = Release|Any CPU
		{66540B81-5204-4B5F-8D83-C92C6360C02A}.Debug|Any CPU.ActiveCfg = Debug|Any CPU
		{66540B81-5204-4B5F-8D83-C92C6360C02A}.Debug|Any CPU.Build.0 = Debug|Any CPU
		{66540B81-5204-4B5F-8D83-C92C6360C02A}.Release|Any CPU.ActiveCfg = Release|Any CPU
		{66540B81-5204-4B5F-8D83-C92C6360C02A}.Release|Any CPU.Build.0 = Release|Any CPU
	EndGlobalSection
EndGlobal
